// !$*UTF8*$!
{
	archiveVersion = 1;
	classes = {
	};
	objectVersion = 56;
	objects = {

/* Begin PBXBuildFile section */
		BD2F2FE32A8D0E8C00102230 /* Quizzes.swift in Sources */ = {isa = PBXBuildFile; fileRef = BD2F2FE22A8D0E8C00102230 /* Quizzes.swift */; };
		BD2F2FE52A8D0F0800102230 /* Resources.swift in Sources */ = {isa = PBXBuildFile; fileRef = BD2F2FE42A8D0F0800102230 /* Resources.swift */; };
		BD2F2FE72A8D17D800102230 /* Article1.swift in Sources */ = {isa = PBXBuildFile; fileRef = BD2F2FE62A8D17D800102230 /* Article1.swift */; };
		BD2F2FE92A8D185E00102230 /* Article2.swift in Sources */ = {isa = PBXBuildFile; fileRef = BD2F2FE82A8D185E00102230 /* Article2.swift */; };
		BD2F2FEB2A8D3CC100102230 /* Article3.swift in Sources */ = {isa = PBXBuildFile; fileRef = BD2F2FEA2A8D3CC100102230 /* Article3.swift */; };
		BD2F2FED2A8D3D4C00102230 /* Article4.swift in Sources */ = {isa = PBXBuildFile; fileRef = BD2F2FEC2A8D3D4C00102230 /* Article4.swift */; };
		BD2F2FEF2A8D412100102230 /* namePage.swift in Sources */ = {isa = PBXBuildFile; fileRef = BD2F2FEE2A8D412100102230 /* namePage.swift */; };
		BD4C9EFF2A8E8A1700F6B670 /* Barlow_Condensed in Resources */ = {isa = PBXBuildFile; fileRef = BD4C9EFE2A8E8A1700F6B670 /* Barlow_Condensed */; };
		BD4C9F012A8E8A7D00F6B670 /* Ruwudu in Resources */ = {isa = PBXBuildFile; fileRef = BD4C9F002A8E8A7D00F6B670 /* Ruwudu */; };
		BD4C9F032A8E8A8500F6B670 /* Bricolage_Grotesque in Resources */ = {isa = PBXBuildFile; fileRef = BD4C9F022A8E8A8500F6B670 /* Bricolage_Grotesque */; };
		BD5254232A8D52B600DFBF18 /* Quiz1.swift in Sources */ = {isa = PBXBuildFile; fileRef = BD5254222A8D52B600DFBF18 /* Quiz1.swift */; };
		BD5254252A8D537F00DFBF18 /* Quiz2.swift in Sources */ = {isa = PBXBuildFile; fileRef = BD5254242A8D537F00DFBF18 /* Quiz2.swift */; };
		BD5B2FAF2A8EAA1A00AEBDFB /* Opal.swift in Sources */ = {isa = PBXBuildFile; fileRef = BD5B2FAE2A8EAA1A00AEBDFB /* Opal.swift */; };
		BD5B2FB12A8EAC0C00AEBDFB /* Money.swift in Sources */ = {isa = PBXBuildFile; fileRef = BD5B2FB02A8EAC0C00AEBDFB /* Money.swift */; };
		BD7195872A8BD4540037B1C8 /* GirlVest1App.swift in Sources */ = {isa = PBXBuildFile; fileRef = BD7195862A8BD4540037B1C8 /* GirlVest1App.swift */; };
		BD7195892A8BD4540037B1C8 /* ContentView.swift in Sources */ = {isa = PBXBuildFile; fileRef = BD7195882A8BD4540037B1C8 /* ContentView.swift */; };
		BD71958B2A8BD4560037B1C8 /* Assets.xcassets in Resources */ = {isa = PBXBuildFile; fileRef = BD71958A2A8BD4560037B1C8 /* Assets.xcassets */; };
		BD71958E2A8BD4560037B1C8 /* Preview Assets.xcassets in Resources */ = {isa = PBXBuildFile; fileRef = BD71958D2A8BD4560037B1C8 /* Preview Assets.xcassets */; };
		BD9433752A8EA3E400AC50BD /* Quiz1Q.swift in Sources */ = {isa = PBXBuildFile; fileRef = BD9433732A8EA34900AC50BD /* Quiz1Q.swift */; };
		BD9433782A8EA8B400AC50BD /* Peanut.swift in Sources */ = {isa = PBXBuildFile; fileRef = BD9433772A8EA8B400AC50BD /* Peanut.swift */; };
		BD94337A2A8EA94A00AC50BD /* Quiz3.swift in Sources */ = {isa = PBXBuildFile; fileRef = BD9433792A8EA94A00AC50BD /* Quiz3.swift */; };
		BD970F212A8BFE5E00A25B77 /* GVpg2.swift in Sources */ = {isa = PBXBuildFile; fileRef = BD970F202A8BFE5E00A25B77 /* GVpg2.swift */; };
		BD970F232A8C080300A25B77 /* Articles.swift in Sources */ = {isa = PBXBuildFile; fileRef = BD970F222A8C080300A25B77 /* Articles.swift */; };
		BD970F252A8C090100A25B77 /* Profile.swift in Sources */ = {isa = PBXBuildFile; fileRef = BD970F242A8C090100A25B77 /* Profile.swift */; };
		BDC3E5032A8E920B0080C233 /* Quiz1P.swift in Sources */ = {isa = PBXBuildFile; fileRef = BDC3E5022A8E920B0080C233 /* Quiz1P.swift */; };
		BDCC77582A8FA7D600CACD2D /* Orange.swift in Sources */ = {isa = PBXBuildFile; fileRef = BDCC77572A8FA7D600CACD2D /* Orange.swift */; };
		BDCC775A2A8FA8F800CACD2D /* Lemon.swift in Sources */ = {isa = PBXBuildFile; fileRef = BDCC77592A8FA8F800CACD2D /* Lemon.swift */; };
/* End PBXBuildFile section */

/* Begin PBXFileReference section */
		BD2F2FE22A8D0E8C00102230 /* Quizzes.swift */ = {isa = PBXFileReference; lastKnownFileType = sourcecode.swift; path = Quizzes.swift; sourceTree = "<group>"; };
		BD2F2FE42A8D0F0800102230 /* Resources.swift */ = {isa = PBXFileReference; lastKnownFileType = sourcecode.swift; path = Resources.swift; sourceTree = "<group>"; };
		BD2F2FE62A8D17D800102230 /* Article1.swift */ = {isa = PBXFileReference; lastKnownFileType = sourcecode.swift; path = Article1.swift; sourceTree = "<group>"; };
		BD2F2FE82A8D185E00102230 /* Article2.swift */ = {isa = PBXFileReference; lastKnownFileType = sourcecode.swift; path = Article2.swift; sourceTree = "<group>"; };
		BD2F2FEA2A8D3CC100102230 /* Article3.swift */ = {isa = PBXFileReference; lastKnownFileType = sourcecode.swift; path = Article3.swift; sourceTree = "<group>"; };
		BD2F2FEC2A8D3D4C00102230 /* Article4.swift */ = {isa = PBXFileReference; lastKnownFileType = sourcecode.swift; path = Article4.swift; sourceTree = "<group>"; };
		BD2F2FEE2A8D412100102230 /* namePage.swift */ = {isa = PBXFileReference; lastKnownFileType = sourcecode.swift; path = namePage.swift; sourceTree = "<group>"; };
		BD4C9EFE2A8E8A1700F6B670 /* Barlow_Condensed */ = {isa = PBXFileReference; lastKnownFileType = folder; name = Barlow_Condensed; path = ../../../Downloads/Barlow_Condensed; sourceTree = "<group>"; };
		BD4C9F002A8E8A7D00F6B670 /* Ruwudu */ = {isa = PBXFileReference; lastKnownFileType = folder; name = Ruwudu; path = ../../../Downloads/Ruwudu; sourceTree = "<group>"; };
		BD4C9F022A8E8A8500F6B670 /* Bricolage_Grotesque */ = {isa = PBXFileReference; lastKnownFileType = folder; name = Bricolage_Grotesque; path = ../../../Downloads/Bricolage_Grotesque; sourceTree = "<group>"; };
		BD5254222A8D52B600DFBF18 /* Quiz1.swift */ = {isa = PBXFileReference; lastKnownFileType = sourcecode.swift; path = Quiz1.swift; sourceTree = "<group>"; };
		BD5254242A8D537F00DFBF18 /* Quiz2.swift */ = {isa = PBXFileReference; lastKnownFileType = sourcecode.swift; path = Quiz2.swift; sourceTree = "<group>"; };
		BD5B2FAE2A8EAA1A00AEBDFB /* Opal.swift */ = {isa = PBXFileReference; lastKnownFileType = sourcecode.swift; path = Opal.swift; sourceTree = "<group>"; };
		BD5B2FB02A8EAC0C00AEBDFB /* Money.swift */ = {isa = PBXFileReference; lastKnownFileType = sourcecode.swift; path = Money.swift; sourceTree = "<group>"; };
		BD65957F2A8E74B40038D239 /* Info.plist */ = {isa = PBXFileReference; lastKnownFileType = text.plist; path = Info.plist; sourceTree = "<group>"; };
		BD6595802A8E74F00038D239 /* Playfair-Italic.ttf */ = {isa = PBXFileReference; lastKnownFileType = file; path = "Playfair-Italic.ttf"; sourceTree = "<group>"; };
		BD7195832A8BD4540037B1C8 /* GirlVest1.app */ = {isa = PBXFileReference; explicitFileType = wrapper.application; includeInIndex = 0; path = GirlVest1.app; sourceTree = BUILT_PRODUCTS_DIR; };
		BD7195862A8BD4540037B1C8 /* GirlVest1App.swift */ = {isa = PBXFileReference; lastKnownFileType = sourcecode.swift; path = GirlVest1App.swift; sourceTree = "<group>"; };
		BD7195882A8BD4540037B1C8 /* ContentView.swift */ = {isa = PBXFileReference; lastKnownFileType = sourcecode.swift; path = ContentView.swift; sourceTree = "<group>"; };
		BD71958A2A8BD4560037B1C8 /* Assets.xcassets */ = {isa = PBXFileReference; lastKnownFileType = folder.assetcatalog; path = Assets.xcassets; sourceTree = "<group>"; };
		BD71958D2A8BD4560037B1C8 /* Preview Assets.xcassets */ = {isa = PBXFileReference; lastKnownFileType = folder.assetcatalog; path = "Preview Assets.xcassets"; sourceTree = "<group>"; };
		BD9433732A8EA34900AC50BD /* Quiz1Q.swift */ = {isa = PBXFileReference; lastKnownFileType = sourcecode.swift; path = Quiz1Q.swift; sourceTree = "<group>"; };
		BD9433772A8EA8B400AC50BD /* Peanut.swift */ = {isa = PBXFileReference; lastKnownFileType = sourcecode.swift; path = Peanut.swift; sourceTree = "<group>"; };
		BD9433792A8EA94A00AC50BD /* Quiz3.swift */ = {isa = PBXFileReference; lastKnownFileType = sourcecode.swift; path = Quiz3.swift; sourceTree = "<group>"; };
		BD970F202A8BFE5E00A25B77 /* GVpg2.swift */ = {isa = PBXFileReference; lastKnownFileType = sourcecode.swift; path = GVpg2.swift; sourceTree = "<group>"; };
		BD970F222A8C080300A25B77 /* Articles.swift */ = {isa = PBXFileReference; lastKnownFileType = sourcecode.swift; path = Articles.swift; sourceTree = "<group>"; };
		BD970F242A8C090100A25B77 /* Profile.swift */ = {isa = PBXFileReference; lastKnownFileType = sourcecode.swift; path = Profile.swift; sourceTree = "<group>"; };
		BDC3E5022A8E920B0080C233 /* Quiz1P.swift */ = {isa = PBXFileReference; lastKnownFileType = sourcecode.swift; path = Quiz1P.swift; sourceTree = "<group>"; };
		BDCC77572A8FA7D600CACD2D /* Orange.swift */ = {isa = PBXFileReference; lastKnownFileType = sourcecode.swift; path = Orange.swift; sourceTree = "<group>"; };
		BDCC77592A8FA8F800CACD2D /* Lemon.swift */ = {isa = PBXFileReference; lastKnownFileType = sourcecode.swift; path = Lemon.swift; sourceTree = "<group>"; };
/* End PBXFileReference section */

/* Begin PBXFrameworksBuildPhase section */
		BD7195802A8BD4540037B1C8 /* Frameworks */ = {
			isa = PBXFrameworksBuildPhase;
			buildActionMask = 2147483647;
			files = (
			);
			runOnlyForDeploymentPostprocessing = 0;
		};
/* End PBXFrameworksBuildPhase section */

/* Begin PBXGroup section */
		BD71957A2A8BD4540037B1C8 = {
			isa = PBXGroup;
			children = (
				BD6595802A8E74F00038D239 /* Playfair-Italic.ttf */,
				BD7195852A8BD4540037B1C8 /* GirlVest1 */,
				BD7195842A8BD4540037B1C8 /* Products */,
			);
			sourceTree = "<group>";
		};
		BD7195842A8BD4540037B1C8 /* Products */ = {
			isa = PBXGroup;
			children = (
				BD7195832A8BD4540037B1C8 /* GirlVest1.app */,
			);
			name = Products;
			sourceTree = "<group>";
		};
		BD7195852A8BD4540037B1C8 /* GirlVest1 */ = {
			isa = PBXGroup;
			children = (
				BD65957F2A8E74B40038D239 /* Info.plist */,
				BD4C9F022A8E8A8500F6B670 /* Bricolage_Grotesque */,
				BD4C9F002A8E8A7D00F6B670 /* Ruwudu */,
				BD4C9EFE2A8E8A1700F6B670 /* Barlow_Condensed */,
				BD7195862A8BD4540037B1C8 /* GirlVest1App.swift */,
				BD7195882A8BD4540037B1C8 /* ContentView.swift */,
				BD2F2FEE2A8D412100102230 /* namePage.swift */,
				BD970F202A8BFE5E00A25B77 /* GVpg2.swift */,
				BD2F2FE42A8D0F0800102230 /* Resources.swift */,
				BD2F2FE22A8D0E8C00102230 /* Quizzes.swift */,
				BD9433792A8EA94A00AC50BD /* Quiz3.swift */,
				BD5B2FB02A8EAC0C00AEBDFB /* Money.swift */,
				BDCC77572A8FA7D600CACD2D /* Orange.swift */,
				BDCC77592A8FA8F800CACD2D /* Lemon.swift */,
				BD9433772A8EA8B400AC50BD /* Peanut.swift */,
				BD5B2FAE2A8EAA1A00AEBDFB /* Opal.swift */,
				BD5254242A8D537F00DFBF18 /* Quiz2.swift */,
				BD5254222A8D52B600DFBF18 /* Quiz1.swift */,
				BDC3E5022A8E920B0080C233 /* Quiz1P.swift */,
				BD9433732A8EA34900AC50BD /* Quiz1Q.swift */,
				BD970F242A8C090100A25B77 /* Profile.swift */,
				BD970F222A8C080300A25B77 /* Articles.swift */,
				BD2F2FEC2A8D3D4C00102230 /* Article4.swift */,
				BD2F2FEA2A8D3CC100102230 /* Article3.swift */,
				BD2F2FE82A8D185E00102230 /* Article2.swift */,
				BD2F2FE62A8D17D800102230 /* Article1.swift */,
				BD71958A2A8BD4560037B1C8 /* Assets.xcassets */,
				BD71958C2A8BD4560037B1C8 /* Preview Content */,
			);
			path = GirlVest1;
			sourceTree = "<group>";
		};
		BD71958C2A8BD4560037B1C8 /* Preview Content */ = {
			isa = PBXGroup;
			children = (
				BD71958D2A8BD4560037B1C8 /* Preview Assets.xcassets */,
			);
			path = "Preview Content";
			sourceTree = "<group>";
		};
/* End PBXGroup section */

/* Begin PBXNativeTarget section */
		BD7195822A8BD4540037B1C8 /* GirlVest1 */ = {
			isa = PBXNativeTarget;
			buildConfigurationList = BD7195912A8BD4560037B1C8 /* Build configuration list for PBXNativeTarget "GirlVest1" */;
			buildPhases = (
				BD71957F2A8BD4540037B1C8 /* Sources */,
				BD7195802A8BD4540037B1C8 /* Frameworks */,
				BD7195812A8BD4540037B1C8 /* Resources */,
			);
			buildRules = (
			);
			dependencies = (
			);
			name = GirlVest1;
			productName = GirlVest1;
			productReference = BD7195832A8BD4540037B1C8 /* GirlVest1.app */;
			productType = "com.apple.product-type.application";
		};
/* End PBXNativeTarget section */

/* Begin PBXProject section */
		BD71957B2A8BD4540037B1C8 /* Project object */ = {
			isa = PBXProject;
			attributes = {
				BuildIndependentTargetsInParallel = 1;
				LastSwiftUpdateCheck = 1430;
				LastUpgradeCheck = 1430;
				TargetAttributes = {
					BD7195822A8BD4540037B1C8 = {
						CreatedOnToolsVersion = 14.3.1;
					};
				};
			};
			buildConfigurationList = BD71957E2A8BD4540037B1C8 /* Build configuration list for PBXProject "GirlVest1" */;
			compatibilityVersion = "Xcode 14.0";
			developmentRegion = en;
			hasScannedForEncodings = 0;
			knownRegions = (
				en,
				Base,
			);
			mainGroup = BD71957A2A8BD4540037B1C8;
			productRefGroup = BD7195842A8BD4540037B1C8 /* Products */;
			projectDirPath = "";
			projectRoot = "";
			targets = (
				BD7195822A8BD4540037B1C8 /* GirlVest1 */,
			);
		};
/* End PBXProject section */

/* Begin PBXResourcesBuildPhase section */
		BD7195812A8BD4540037B1C8 /* Resources */ = {
			isa = PBXResourcesBuildPhase;
			buildActionMask = 2147483647;
			files = (
				BD4C9F032A8E8A8500F6B670 /* Bricolage_Grotesque in Resources */,
				BD71958E2A8BD4560037B1C8 /* Preview Assets.xcassets in Resources */,
				BD4C9EFF2A8E8A1700F6B670 /* Barlow_Condensed in Resources */,
				BD4C9F012A8E8A7D00F6B670 /* Ruwudu in Resources */,
				BD71958B2A8BD4560037B1C8 /* Assets.xcassets in Resources */,
			);
			runOnlyForDeploymentPostprocessing = 0;
		};
/* End PBXResourcesBuildPhase section */

/* Begin PBXSourcesBuildPhase section */
		BD71957F2A8BD4540037B1C8 /* Sources */ = {
			isa = PBXSourcesBuildPhase;
			buildActionMask = 2147483647;
			files = (
				BD9433752A8EA3E400AC50BD /* Quiz1Q.swift in Sources */,
				BDC3E5032A8E920B0080C233 /* Quiz1P.swift in Sources */,
				BD970F232A8C080300A25B77 /* Articles.swift in Sources */,
				BDCC775A2A8FA8F800CACD2D /* Lemon.swift in Sources */,
				BD2F2FED2A8D3D4C00102230 /* Article4.swift in Sources */,
				BD970F252A8C090100A25B77 /* Profile.swift in Sources */,
				BD2F2FEB2A8D3CC100102230 /* Article3.swift in Sources */,
				BD5B2FB12A8EAC0C00AEBDFB /* Money.swift in Sources */,
				BD2F2FE92A8D185E00102230 /* Article2.swift in Sources */,
				BD2F2FE52A8D0F0800102230 /* Resources.swift in Sources */,
				BD5254232A8D52B600DFBF18 /* Quiz1.swift in Sources */,
				BD7195892A8BD4540037B1C8 /* ContentView.swift in Sources */,
				BD970F212A8BFE5E00A25B77 /* GVpg2.swift in Sources */,
				BD9433782A8EA8B400AC50BD /* Peanut.swift in Sources */,
				BD94337A2A8EA94A00AC50BD /* Quiz3.swift in Sources */,
				BD5254252A8D537F00DFBF18 /* Quiz2.swift in Sources */,
				BDCC77582A8FA7D600CACD2D /* Orange.swift in Sources */,
				BD7195872A8BD4540037B1C8 /* GirlVest1App.swift in Sources */,
				BD5B2FAF2A8EAA1A00AEBDFB /* Opal.swift in Sources */,
				BD2F2FE72A8D17D800102230 /* Article1.swift in Sources */,
				BD2F2FE32A8D0E8C00102230 /* Quizzes.swift in Sources */,
				BD2F2FEF2A8D412100102230 /* namePage.swift in Sources */,
			);
			runOnlyForDeploymentPostprocessing = 0;
		};
/* End PBXSourcesBuildPhase section */

/* Begin XCBuildConfiguration section */
		BD71958F2A8BD4560037B1C8 /* Debug */ = {
			isa = XCBuildConfiguration;
			buildSettings = {
				ALWAYS_SEARCH_USER_PATHS = NO;
				CLANG_ANALYZER_NONNULL = YES;
				CLANG_ANALYZER_NUMBER_OBJECT_CONVERSION = YES_AGGRESSIVE;
				CLANG_CXX_LANGUAGE_STANDARD = "gnu++20";
				CLANG_ENABLE_MODULES = YES;
				CLANG_ENABLE_OBJC_ARC = YES;
				CLANG_ENABLE_OBJC_WEAK = YES;
				CLANG_WARN_BLOCK_CAPTURE_AUTORELEASING = YES;
				CLANG_WARN_BOOL_CONVERSION = YES;
				CLANG_WARN_COMMA = YES;
				CLANG_WARN_CONSTANT_CONVERSION = YES;
				CLANG_WARN_DEPRECATED_OBJC_IMPLEMENTATIONS = YES;
				CLANG_WARN_DIRECT_OBJC_ISA_USAGE = YES_ERROR;
				CLANG_WARN_DOCUMENTATION_COMMENTS = YES;
				CLANG_WARN_EMPTY_BODY = YES;
				CLANG_WARN_ENUM_CONVERSION = YES;
				CLANG_WARN_INFINITE_RECURSION = YES;
				CLANG_WARN_INT_CONVERSION = YES;
				CLANG_WARN_NON_LITERAL_NULL_CONVERSION = YES;
				CLANG_WARN_OBJC_IMPLICIT_RETAIN_SELF = YES;
				CLANG_WARN_OBJC_LITERAL_CONVERSION = YES;
				CLANG_WARN_OBJC_ROOT_CLASS = YES_ERROR;
				CLANG_WARN_QUOTED_INCLUDE_IN_FRAMEWORK_HEADER = YES;
				CLANG_WARN_RANGE_LOOP_ANALYSIS = YES;
				CLANG_WARN_STRICT_PROTOTYPES = YES;
				CLANG_WARN_SUSPICIOUS_MOVE = YES;
				CLANG_WARN_UNGUARDED_AVAILABILITY = YES_AGGRESSIVE;
				CLANG_WARN_UNREACHABLE_CODE = YES;
				CLANG_WARN__DUPLICATE_METHOD_MATCH = YES;
				COPY_PHASE_STRIP = NO;
				DEBUG_INFORMATION_FORMAT = dwarf;
				ENABLE_STRICT_OBJC_MSGSEND = YES;
				ENABLE_TESTABILITY = YES;
				GCC_C_LANGUAGE_STANDARD = gnu11;
				GCC_DYNAMIC_NO_PIC = NO;
				GCC_NO_COMMON_BLOCKS = YES;
				GCC_OPTIMIZATION_LEVEL = 0;
				GCC_PREPROCESSOR_DEFINITIONS = (
					"DEBUG=1",
					"$(inherited)",
				);
				GCC_WARN_64_TO_32_BIT_CONVERSION = YES;
				GCC_WARN_ABOUT_RETURN_TYPE = YES_ERROR;
				GCC_WARN_UNDECLARED_SELECTOR = YES;
				GCC_WARN_UNINITIALIZED_AUTOS = YES_AGGRESSIVE;
				GCC_WARN_UNUSED_FUNCTION = YES;
				GCC_WARN_UNUSED_VARIABLE = YES;
				IPHONEOS_DEPLOYMENT_TARGET = 16.4;
				MTL_ENABLE_DEBUG_INFO = INCLUDE_SOURCE;
				MTL_FAST_MATH = YES;
				ONLY_ACTIVE_ARCH = YES;
				SDKROOT = iphoneos;
				SWIFT_ACTIVE_COMPILATION_CONDITIONS = DEBUG;
				SWIFT_OPTIMIZATION_LEVEL = "-Onone";
			};
			name = Debug;
		};
		BD7195902A8BD4560037B1C8 /* Release */ = {
			isa = XCBuildConfiguration;
			buildSettings = {
				ALWAYS_SEARCH_USER_PATHS = NO;
				CLANG_ANALYZER_NONNULL = YES;
				CLANG_ANALYZER_NUMBER_OBJECT_CONVERSION = YES_AGGRESSIVE;
				CLANG_CXX_LANGUAGE_STANDARD = "gnu++20";
				CLANG_ENABLE_MODULES = YES;
				CLANG_ENABLE_OBJC_ARC = YES;
				CLANG_ENABLE_OBJC_WEAK = YES;
				CLANG_WARN_BLOCK_CAPTURE_AUTORELEASING = YES;
				CLANG_WARN_BOOL_CONVERSION = YES;
				CLANG_WARN_COMMA = YES;
				CLANG_WARN_CONSTANT_CONVERSION = YES;
				CLANG_WARN_DEPRECATED_OBJC_IMPLEMENTATIONS = YES;
				CLANG_WARN_DIRECT_OBJC_ISA_USAGE = YES_ERROR;
				CLANG_WARN_DOCUMENTATION_COMMENTS = YES;
				CLANG_WARN_EMPTY_BODY = YES;
				CLANG_WARN_ENUM_CONVERSION = YES;
				CLANG_WARN_INFINITE_RECURSION = YES;
				CLANG_WARN_INT_CONVERSION = YES;
				CLANG_WARN_NON_LITERAL_NULL_CONVERSION = YES;
				CLANG_WARN_OBJC_IMPLICIT_RETAIN_SELF = YES;
				CLANG_WARN_OBJC_LITERAL_CONVERSION = YES;
				CLANG_WARN_OBJC_ROOT_CLASS = YES_ERROR;
				CLANG_WARN_QUOTED_INCLUDE_IN_FRAMEWORK_HEADER = YES;
				CLANG_WARN_RANGE_LOOP_ANALYSIS = YES;
				CLANG_WARN_STRICT_PROTOTYPES = YES;
				CLANG_WARN_SUSPICIOUS_MOVE = YES;
				CLANG_WARN_UNGUARDED_AVAILABILITY = YES_AGGRESSIVE;
				CLANG_WARN_UNREACHABLE_CODE = YES;
				CLANG_WARN__DUPLICATE_METHOD_MATCH = YES;
				COPY_PHASE_STRIP = NO;
				DEBUG_INFORMATION_FORMAT = "dwarf-with-dsym";
				ENABLE_NS_ASSERTIONS = NO;
				ENABLE_STRICT_OBJC_MSGSEND = YES;
				GCC_C_LANGUAGE_STANDARD = gnu11;
				GCC_NO_COMMON_BLOCKS = YES;
				GCC_WARN_64_TO_32_BIT_CONVERSION = YES;
				GCC_WARN_ABOUT_RETURN_TYPE = YES_ERROR;
				GCC_WARN_UNDECLARED_SELECTOR = YES;
				GCC_WARN_UNINITIALIZED_AUTOS = YES_AGGRESSIVE;
				GCC_WARN_UNUSED_FUNCTION = YES;
				GCC_WARN_UNUSED_VARIABLE = YES;
				IPHONEOS_DEPLOYMENT_TARGET = 16.4;
				MTL_ENABLE_DEBUG_INFO = NO;
				MTL_FAST_MATH = YES;
				SDKROOT = iphoneos;
				SWIFT_COMPILATION_MODE = wholemodule;
				SWIFT_OPTIMIZATION_LEVEL = "-O";
				VALIDATE_PRODUCT = YES;
			};
			name = Release;
		};
		BD7195922A8BD4560037B1C8 /* Debug */ = {
			isa = XCBuildConfiguration;
			buildSettings = {
				ASSETCATALOG_COMPILER_APPICON_NAME = AppIcon;
				ASSETCATALOG_COMPILER_GLOBAL_ACCENT_COLOR_NAME = AccentColor;
				CODE_SIGN_STYLE = Automatic;
				CURRENT_PROJECT_VERSION = 1;
				DEVELOPMENT_ASSET_PATHS = "\"GirlVest1/Preview Content\"";
				ENABLE_PREVIEWS = YES;
				GENERATE_INFOPLIST_FILE = YES;
				INFOPLIST_FILE = GirlVest1/Info.plist;
				INFOPLIST_KEY_UIApplicationSceneManifest_Generation = YES;
				INFOPLIST_KEY_UIApplicationSupportsIndirectInputEvents = YES;
				INFOPLIST_KEY_UILaunchScreen_Generation = YES;
				INFOPLIST_KEY_UISupportedInterfaceOrientations_iPad = "UIInterfaceOrientationPortrait UIInterfaceOrientationPortraitUpsideDown UIInterfaceOrientationLandscapeLeft UIInterfaceOrientationLandscapeRight";
				INFOPLIST_KEY_UISupportedInterfaceOrientations_iPhone = "UIInterfaceOrientationPortrait UIInterfaceOrientationLandscapeLeft UIInterfaceOrientationLandscapeRight";
				LD_RUNPATH_SEARCH_PATHS = (
					"$(inherited)",
					"@executable_path/Frameworks",
				);
				MARKETING_VERSION = 1.0;
				PRODUCT_BUNDLE_IDENTIFIER = KWK.GirlVest1;
				PRODUCT_NAME = "$(TARGET_NAME)";
				SWIFT_EMIT_LOC_STRINGS = YES;
				SWIFT_VERSION = 5.0;
				TARGETED_DEVICE_FAMILY = "1,2";
			};
			name = Debug;
		};
		BD7195932A8BD4560037B1C8 /* Release */ = {
			isa = XCBuildConfiguration;
			buildSettings = {
				ASSETCATALOG_COMPILER_APPICON_NAME = AppIcon;
				ASSETCATALOG_COMPILER_GLOBAL_ACCENT_COLOR_NAME = AccentColor;
				CODE_SIGN_STYLE = Automatic;
				CURRENT_PROJECT_VERSION = 1;
				DEVELOPMENT_ASSET_PATHS = "\"GirlVest1/Preview Content\"";
				ENABLE_PREVIEWS = YES;
				GENERATE_INFOPLIST_FILE = YES;
				INFOPLIST_FILE = GirlVest1/Info.plist;
				INFOPLIST_KEY_UIApplicationSceneManifest_Generation = YES;
				INFOPLIST_KEY_UIApplicationSupportsIndirectInputEvents = YES;
				INFOPLIST_KEY_UILaunchScreen_Generation = YES;
				INFOPLIST_KEY_UISupportedInterfaceOrientations_iPad = "UIInterfaceOrientationPortrait UIInterfaceOrientationPortraitUpsideDown UIInterfaceOrientationLandscapeLeft UIInterfaceOrientationLandscapeRight";
				INFOPLIST_KEY_UISupportedInterfaceOrientations_iPhone = "UIInterfaceOrientationPortrait UIInterfaceOrientationLandscapeLeft UIInterfaceOrientationLandscapeRight";
				LD_RUNPATH_SEARCH_PATHS = (
					"$(inherited)",
					"@executable_path/Frameworks",
				);
				MARKETING_VERSION = 1.0;
				PRODUCT_BUNDLE_IDENTIFIER = KWK.GirlVest1;
				PRODUCT_NAME = "$(TARGET_NAME)";
				SWIFT_EMIT_LOC_STRINGS = YES;
				SWIFT_VERSION = 5.0;
				TARGETED_DEVICE_FAMILY = "1,2";
			};
			name = Release;
		};
/* End XCBuildConfiguration section */

/* Begin XCConfigurationList section */
		BD71957E2A8BD4540037B1C8 /* Build configuration list for PBXProject "GirlVest1" */ = {
			isa = XCConfigurationList;
			buildConfigurations = (
				BD71958F2A8BD4560037B1C8 /* Debug */,
				BD7195902A8BD4560037B1C8 /* Release */,
			);
			defaultConfigurationIsVisible = 0;
			defaultConfigurationName = Release;
		};
		BD7195912A8BD4560037B1C8 /* Build configuration list for PBXNativeTarget "GirlVest1" */ = {
			isa = XCConfigurationList;
			buildConfigurations = (
				BD7195922A8BD4560037B1C8 /* Debug */,
				BD7195932A8BD4560037B1C8 /* Release */,
			);
			defaultConfigurationIsVisible = 0;
			defaultConfigurationName = Release;
		};
/* End XCConfigurationList section */
	};
	rootObject = BD71957B2A8BD4540037B1C8 /* Project object */;
}
